{
  "originHash" : "25235a9df706638fc05f4342540e328b9d441d8d8371dc325fa795305b55622e",
  "pins" : [
    {
      "identity" : "daily-client-ios",
      "kind" : "remoteSourceControl",
      "location" : "https://github.com/daily-co/daily-client-ios.git",
      "state" : {
        "revision" : "7284d0dc959ef009610f0267d4078dad24f8a038",
        "version" : "0.33.0"
      }
    }
  ],
  "version" : 3
}
