{
  "originHash" : "72945fe9f3d71a3b546d5d2df153345b4dc9e72c00b2fda349508223e1a88501",
  "pins" : [
    {
      "identity" : "daily-client-ios",
      "kind" : "remoteSourceControl",
      "location" : "https://github.com/daily-co/daily-client-ios.git",
      "state" : {
        "revision" : "df488725b7d6ef00eec7cbb4991377fb9fe8a330",
        "version" : "0.34.0"
      }
    },
    {
      "identity" : "pipecat-client-ios",
      "kind" : "remoteSourceControl",
      "location" : "https://github.com/pipecat-ai/pipecat-client-ios.git",
      "state" : {
        "revision" : "8fc2529f19db8855f5f5b353b4a9e9183e9fdbf2",
        "version" : "1.0.1"
      }
    },
    {
      "identity" : "pipecat-client-ios-daily",
      "kind" : "remoteSourceControl",
      "location" : "https://github.com/pipecat-ai/pipecat-client-ios-daily",
      "state" : {
        "revision" : "7fbe83e7095f7cffe465560bfe4ec038782f01d5",
        "version" : "1.0.1"
      }
    }
  ],
  "version" : 3
}
