{
  "originHash" : "64a760bff8651c5464a11324100b2fb46be172491d43cf2e87e2e5a2d88303c7",
  "pins" : [
    {
      "identity" : "pipecat-client-ios",
      "kind" : "remoteSourceControl",
      "location" : "https://github.com/pipecat-ai/pipecat-client-ios.git",
      "state" : {
        "revision" : "8d894e63a6642aaa673fd19fcf547db1ff2d8894",
        "version" : "1.1.2"
      }
    },
    {
      "identity" : "webrtc",
      "kind" : "remoteSourceControl",
      "location" : "https://github.com/stasel/WebRTC",
      "state" : {
        "revision" : "5b2eb61cace7d62726b29a38b768b07d6bc55c45",
        "version" : "134.0.0"
      }
    }
  ],
  "version" : 3
}
